
Microsoft Visual Studio Solution File, Format Version 12.00
# Visual Studio Version 18
VisualStudioVersion = 18.3.11505.172
MinimumVisualStudioVersion = 10.0.40219.1
Project("{FAE04EC0-301F-11D3-BF4B-00C04F79EFBC}") = "FracturingFogCLD", "FracturingFogCLD.csproj", "{A84ABCEA-E25A-1B0A-D758-FF6A5E7780A6}"
EndProject
Project("{FAE04EC0-301F-11D3-BF4B-00C04F79EFBC}") = "FracturingFog.Abstractions", "Abstractions\FracturingFog.Abstractions.csproj", "{B1C0DABC-1111-4222-9333-AAAAAAAAAAA1}"
EndProject
Project("{FAE04EC0-301F-11D3-BF4B-00C04F79EFBC}") = "FracturingFog.UI.Avalonia", "UI.Avalonia\FracturingFog.UI.Avalonia.csproj", "{B1C0DABC-1111-4222-9333-AAAAAAAAAAA2}"
EndProject
Project("{FAE04EC0-301F-11D3-BF4B-00C04F79EFBC}") = "FracturingFog.Rendering.Silk", "Rendering.Silk\FracturingFog.Rendering.Silk.csproj", "{B1C0DABC-1111-4222-9333-AAAAAAAAAAA3}"
EndProject
Project("{FAE04EC0-301F-11D3-BF4B-00C04F79EFBC}") = "FracturingFog.Rendering.Silk.Smoke", "Rendering.Silk.Smoke\FracturingFog.Rendering.Silk.Smoke.csproj", "{B1C0DABC-1111-4222-9333-AAAAAAAAAAA4}"
EndProject
Project("{FAE04EC0-301F-11D3-BF4B-00C04F79EFBC}") = "FracturingFog.Rendering.Skia", "Rendering.Skia\FracturingFog.Rendering.Skia.csproj", "{B1C0DABC-1111-4222-9333-AAAAAAAAAAA5}"
EndProject
Project("{FAE04EC0-301F-11D3-BF4B-00C04F79EFBC}") = "FracturingFog.Server", "Server\FracturingFog.Server.csproj", "{B1C0DABC-1111-4222-9333-AAAAAAAAAAA6}"
EndProject
Project("{FAE04EC0-301F-11D3-BF4B-00C04F79EFBC}") = "FracturingFog.Client", "Client\FracturingFog.Client.csproj", "{B1C0DABC-1111-4222-9333-AAAAAAAAAAA7}"
EndProject
Project("{FAE04EC0-301F-11D3-BF4B-00C04F79EFBC}") = "FracturingFog.Server.Tests", "Server.Tests\FracturingFog.Server.Tests.csproj", "{B1C0DABC-1111-4222-9333-AAAAAAAAAAA8}"
EndProject
Project("{FAE04EC0-301F-11D3-BF4B-00C04F79EFBC}") = "PaletteBuilder.Lib", "PaletteBuilder\PaletteBuilder.Lib.csproj", "{B1C0DABC-1111-4222-9333-AAAAAAAAAAA9}"
EndProject
Project("{FAE04EC0-301F-11D3-BF4B-00C04F79EFBC}") = "PaletteBuilder", "PaletteBuilder\PaletteBuilder.csproj", "{B1C0DABC-1111-4222-9333-AAAAAAAAAAAA}"
EndProject
Project("{FAE04EC0-301F-11D3-BF4B-00C04F79EFBC}") = "FracturingFog.Engine", "Engine\FracturingFog.Engine.csproj", "{B1C0DABC-1111-4222-9333-AAAAAAAAAAAB}"
EndProject
Project("{FAE04EC0-301F-11D3-BF4B-00C04F79EFBC}") = "FracturingFog.Audio", "Audio\FracturingFog.Audio.csproj", "{B1C0DABC-1111-4222-9333-AAAAAAAAAAAC}"
EndProject
Project("{FAE04EC0-301F-11D3-BF4B-00C04F79EFBC}") = "FracturingFog.Audio.Win", "Audio.Win\FracturingFog.Audio.Win.csproj", "{B1C0DABC-1111-4222-9333-AAAAAAAAAAAD}"
EndProject
Project("{FAE04EC0-301F-11D3-BF4B-00C04F79EFBC}") = "FracturingFog.Hosting", "Hosting\FracturingFog.Hosting.csproj", "{B1C0DABC-1111-4222-9333-AAAAAAAAAAAE}"
EndProject
Project("{FAE04EC0-301F-11D3-BF4B-00C04F79EFBC}") = "FracturingFog.Rendering.D3D", "Rendering.D3D\FracturingFog.Rendering.D3D.csproj", "{B1C0DABC-1111-4222-9333-AAAAAAAAAAAF}"
EndProject
Project("{FAE04EC0-301F-11D3-BF4B-00C04F79EFBC}") = "FracturingFog.Win", "FracturingFog.Win\FracturingFog.Win.csproj", "{B1C0DABC-1111-4222-9333-BBBBBBBBBBB1}"
EndProject
Project("{FAE04EC0-301F-11D3-BF4B-00C04F79EFBC}") = "FracturingFog.App", "FracturingFog.App\FracturingFog.App.csproj", "{B1C0DABC-1111-4222-9333-BBBBBBBBBBB2}"
EndProject
Project("{2150E333-8FDC-42A3-9474-1A3956D46DE8}") = "Compute.Smoke", "Compute.Smoke", "{47D61095-3AEE-06DC-C5BB-349131862703}"
EndProject
Project("{FAE04EC0-301F-11D3-BF4B-00C04F79EFBC}") = "FracturingFog.Compute.Smoke", "Compute.Smoke\FracturingFog.Compute.Smoke.csproj", "{E046E02D-652F-40A8-AF8F-80447D2A2CA8}"
EndProject
Project("{FAE04EC0-301F-11D3-BF4B-00C04F79EFBC}") = "CalculatorGen.Lib", "CalculatorGen.Lib\CalculatorGen.Lib.csproj", "{A26A6F39-D91B-46BA-AADF-558F9ADF33EB}"
EndProject
Project("{FAE04EC0-301F-11D3-BF4B-00C04F79EFBC}") = "ColorGen.Lib", "ColorGen.Lib\ColorGen.Lib.csproj", "{107A42D0-493D-4BA6-9B55-76C8FE52EEFC}"
EndProject
Project("{FAE04EC0-301F-11D3-BF4B-00C04F79EFBC}") = "CalculatorGen.SourceGen", "CalculatorGen.SourceGen\CalculatorGen.SourceGen.csproj", "{6F6C0856-FE15-4B8E-A6DE-EC68DF9744CA}"
EndProject
Project("{2150E333-8FDC-42A3-9474-1A3956D46DE8}") = "Rendering.Vulkan.Smoke", "Rendering.Vulkan.Smoke", "{478897D4-3899-1410-DA32-8A6004435A47}"
EndProject
Project("{FAE04EC0-301F-11D3-BF4B-00C04F79EFBC}") = "FracturingFog.Rendering.Vulkan.Smoke", "Rendering.Vulkan.Smoke\FracturingFog.Rendering.Vulkan.Smoke.csproj", "{AEF2B6F1-E77E-455F-9280-D801FB212D10}"
EndProject
Project("{2150E333-8FDC-42A3-9474-1A3956D46DE8}") = "Rendering.Vulkan", "Rendering.Vulkan", "{859444F8-A15F-45B0-AE9D-F4EAD2BC7428}"
EndProject
Project("{FAE04EC0-301F-11D3-BF4B-00C04F79EFBC}") = "FracturingFog.Rendering.Vulkan", "Rendering.Vulkan\FracturingFog.Rendering.Vulkan.csproj", "{916A7CEE-92A2-4DA0-9D23-EC024FB69613}"
EndProject
Project("{2150E333-8FDC-42A3-9474-1A3956D46DE8}") = "Abstractions", "Abstractions", "{67BFE618-E232-7DE5-34A1-02EE902F7C19}"
EndProject
Project("{2150E333-8FDC-42A3-9474-1A3956D46DE8}") = "Engine", "Engine", "{D585295F-7994-3649-1065-7AA403C41681}"
EndProject
Global
	GlobalSection(SolutionConfigurationPlatforms) = preSolution
		Debug|Any CPU = Debug|Any CPU
		Debug|x64 = Debug|x64
		Debug|x86 = Debug|x86
		Publish|Any CPU = Publish|Any CPU
		Publish|x64 = Publish|x64
		Publish|x86 = Publish|x86
		Release|Any CPU = Release|Any CPU
		Release|x64 = Release|x64
		Release|x86 = Release|x86
	EndGlobalSection
	GlobalSection(ProjectConfigurationPlatforms) = postSolution
		{A84ABCEA-E25A-1B0A-D758-FF6A5E7780A6}.Debug|Any CPU.ActiveCfg = Debug|Any CPU
		{A84ABCEA-E25A-1B0A-D758-FF6A5E7780A6}.Debug|Any CPU.Build.0 = Debug|Any CPU
		{A84ABCEA-E25A-1B0A-D758-FF6A5E7780A6}.Debug|x64.ActiveCfg = Debug|x64
		{A84ABCEA-E25A-1B0A-D758-FF6A5E7780A6}.Debug|x64.Build.0 = Debug|x64
		{A84ABCEA-E25A-1B0A-D758-FF6A5E7780A6}.Debug|x86.ActiveCfg = Debug|Any CPU
		{A84ABCEA-E25A-1B0A-D758-FF6A5E7780A6}.Debug|x86.Build.0 = Debug|Any CPU
		{A84ABCEA-E25A-1B0A-D758-FF6A5E7780A6}.Publish|Any CPU.ActiveCfg = Publish|Any CPU
		{A84ABCEA-E25A-1B0A-D758-FF6A5E7780A6}.Publish|Any CPU.Build.0 = Publish|Any CPU
		{A84ABCEA-E25A-1B0A-D758-FF6A5E7780A6}.Publish|x64.ActiveCfg = Publish|x64
		{A84ABCEA-E25A-1B0A-D758-FF6A5E7780A6}.Publish|x64.Build.0 = Publish|x64
		{A84ABCEA-E25A-1B0A-D758-FF6A5E7780A6}.Publish|x86.ActiveCfg = Publish|Any CPU
		{A84ABCEA-E25A-1B0A-D758-FF6A5E7780A6}.Publish|x86.Build.0 = Publish|Any CPU
		{A84ABCEA-E25A-1B0A-D758-FF6A5E7780A6}.Release|Any CPU.ActiveCfg = Release|Any CPU
		{A84ABCEA-E25A-1B0A-D758-FF6A5E7780A6}.Release|Any CPU.Build.0 = Release|Any CPU
		{A84ABCEA-E25A-1B0A-D758-FF6A5E7780A6}.Release|x64.ActiveCfg = Release|x64
		{A84ABCEA-E25A-1B0A-D758-FF6A5E7780A6}.Release|x64.Build.0 = Release|x64
		{A84ABCEA-E25A-1B0A-D758-FF6A5E7780A6}.Release|x86.ActiveCfg = Release|Any CPU
		{A84ABCEA-E25A-1B0A-D758-FF6A5E7780A6}.Release|x86.Build.0 = Release|Any CPU
		{B1C0DABC-1111-4222-9333-AAAAAAAAAAA1}.Debug|Any CPU.ActiveCfg = Debug|Any CPU
		{B1C0DABC-1111-4222-9333-AAAAAAAAAAA1}.Debug|Any CPU.Build.0 = Debug|Any CPU
		{B1C0DABC-1111-4222-9333-AAAAAAAAAAA1}.Debug|x64.ActiveCfg = Debug|x64
		{B1C0DABC-1111-4222-9333-AAAAAAAAAAA1}.Debug|x64.Build.0 = Debug|x64
		{B1C0DABC-1111-4222-9333-AAAAAAAAAAA1}.Debug|x86.ActiveCfg = Debug|Any CPU
		{B1C0DABC-1111-4222-9333-AAAAAAAAAAA1}.Debug|x86.Build.0 = Debug|Any CPU
		{B1C0DABC-1111-4222-9333-AAAAAAAAAAA1}.Publish|Any CPU.ActiveCfg = Release|x64
		{B1C0DABC-1111-4222-9333-AAAAAAAAAAA1}.Publish|Any CPU.Build.0 = Release|x64
		{B1C0DABC-1111-4222-9333-AAAAAAAAAAA1}.Publish|x64.ActiveCfg = Release|x64
		{B1C0DABC-1111-4222-9333-AAAAAAAAAAA1}.Publish|x64.Build.0 = Release|x64
		{B1C0DABC-1111-4222-9333-AAAAAAAAAAA1}.Publish|x86.ActiveCfg = Publish|Any CPU
		{B1C0DABC-1111-4222-9333-AAAAAAAAAAA1}.Publish|x86.Build.0 = Publish|Any CPU
		{B1C0DABC-1111-4222-9333-AAAAAAAAAAA1}.Release|Any CPU.ActiveCfg = Release|Any CPU
		{B1C0DABC-1111-4222-9333-AAAAAAAAAAA1}.Release|Any CPU.Build.0 = Release|Any CPU
		{B1C0DABC-1111-4222-9333-AAAAAAAAAAA1}.Release|x64.ActiveCfg = Release|x64
		{B1C0DABC-1111-4222-9333-AAAAAAAAAAA1}.Release|x64.Build.0 = Release|x64
		{B1C0DABC-1111-4222-9333-AAAAAAAAAAA1}.Release|x86.ActiveCfg = Release|Any CPU
		{B1C0DABC-1111-4222-9333-AAAAAAAAAAA1}.Release|x86.Build.0 = Release|Any CPU
		{B1C0DABC-1111-4222-9333-AAAAAAAAAAA2}.Debug|Any CPU.ActiveCfg = Debug|Any CPU
		{B1C0DABC-1111-4222-9333-AAAAAAAAAAA2}.Debug|Any CPU.Build.0 = Debug|Any CPU
		{B1C0DABC-1111-4222-9333-AAAAAAAAAAA2}.Debug|x64.ActiveCfg = Debug|x64
		{B1C0DABC-1111-4222-9333-AAAAAAAAAAA2}.Debug|x64.Build.0 = Debug|x64
		{B1C0DABC-1111-4222-9333-AAAAAAAAAAA2}.Debug|x86.ActiveCfg = Debug|Any CPU
		{B1C0DABC-1111-4222-9333-AAAAAAAAAAA2}.Debug|x86.Build.0 = Debug|Any CPU
		{B1C0DABC-1111-4222-9333-AAAAAAAAAAA2}.Publish|Any CPU.ActiveCfg = Release|Any CPU
		{B1C0DABC-1111-4222-9333-AAAAAAAAAAA2}.Publish|Any CPU.Build.0 = Release|Any CPU
		{B1C0DABC-1111-4222-9333-AAAAAAAAAAA2}.Publish|x64.ActiveCfg = Release|x64
		{B1C0DABC-1111-4222-9333-AAAAAAAAAAA2}.Publish|x64.Build.0 = Release|x64
		{B1C0DABC-1111-4222-9333-AAAAAAAAAAA2}.Publish|x86.ActiveCfg = Publish|Any CPU
		{B1C0DABC-1111-4222-9333-AAAAAAAAAAA2}.Publish|x86.Build.0 = Publish|Any CPU
		{B1C0DABC-1111-4222-9333-AAAAAAAAAAA2}.Release|Any CPU.ActiveCfg = Release|Any CPU
		{B1C0DABC-1111-4222-9333-AAAAAAAAAAA2}.Release|Any CPU.Build.0 = Release|Any CPU
		{B1C0DABC-1111-4222-9333-AAAAAAAAAAA2}.Release|x64.ActiveCfg = Release|x64
		{B1C0DABC-1111-4222-9333-AAAAAAAAAAA2}.Release|x64.Build.0 = Release|x64
		{B1C0DABC-1111-4222-9333-AAAAAAAAAAA2}.Release|x86.ActiveCfg = Release|Any CPU
		{B1C0DABC-1111-4222-9333-AAAAAAAAAAA2}.Release|x86.Build.0 = Release|Any CPU
		{B1C0DABC-1111-4222-9333-AAAAAAAAAAA3}.Debug|Any CPU.ActiveCfg = Debug|Any CPU
		{B1C0DABC-1111-4222-9333-AAAAAAAAAAA3}.Debug|Any CPU.Build.0 = Debug|Any CPU
		{B1C0DABC-1111-4222-9333-AAAAAAAAAAA3}.Debug|x64.ActiveCfg = Debug|x64
		{B1C0DABC-1111-4222-9333-AAAAAAAAAAA3}.Debug|x64.Build.0 = Debug|x64
		{B1C0DABC-1111-4222-9333-AAAAAAAAAAA3}.Debug|x86.ActiveCfg = Debug|Any CPU
		{B1C0DABC-1111-4222-9333-AAAAAAAAAAA3}.Debug|x86.Build.0 = Debug|Any CPU
		{B1C0DABC-1111-4222-9333-AAAAAAAAAAA3}.Publish|Any CPU.ActiveCfg = Release|x64
		{B1C0DABC-1111-4222-9333-AAAAAAAAAAA3}.Publish|Any CPU.Build.0 = Release|x64
		{B1C0DABC-1111-4222-9333-AAAAAAAAAAA3}.Publish|x64.ActiveCfg = Release|x64
		{B1C0DABC-1111-4222-9333-AAAAAAAAAAA3}.Publish|x64.Build.0 = Release|x64
		{B1C0DABC-1111-4222-9333-AAAAAAAAAAA3}.Publish|x86.ActiveCfg = Publish|Any CPU
		{B1C0DABC-1111-4222-9333-AAAAAAAAAAA3}.Publish|x86.Build.0 = Publish|Any CPU
		{B1C0DABC-1111-4222-9333-AAAAAAAAAAA3}.Release|Any CPU.ActiveCfg = Release|Any CPU
		{B1C0DABC-1111-4222-9333-AAAAAAAAAAA3}.Release|Any CPU.Build.0 = Release|Any CPU
		{B1C0DABC-1111-4222-9333-AAAAAAAAAAA3}.Release|x64.ActiveCfg = Release|x64
		{B1C0DABC-1111-4222-9333-AAAAAAAAAAA3}.Release|x64.Build.0 = Release|x64
		{B1C0DABC-1111-4222-9333-AAAAAAAAAAA3}.Release|x86.ActiveCfg = Release|Any CPU
		{B1C0DABC-1111-4222-9333-AAAAAAAAAAA3}.Release|x86.Build.0 = Release|Any CPU
		{B1C0DABC-1111-4222-9333-AAAAAAAAAAA4}.Debug|Any CPU.ActiveCfg = Debug|Any CPU
		{B1C0DABC-1111-4222-9333-AAAAAAAAAAA4}.Debug|Any CPU.Build.0 = Debug|Any CPU
		{B1C0DABC-1111-4222-9333-AAAAAAAAAAA4}.Debug|x64.ActiveCfg = Debug|x64
		{B1C0DABC-1111-4222-9333-AAAAAAAAAAA4}.Debug|x64.Build.0 = Debug|x64
		{B1C0DABC-1111-4222-9333-AAAAAAAAAAA4}.Debug|x86.ActiveCfg = Debug|Any CPU
		{B1C0DABC-1111-4222-9333-AAAAAAAAAAA4}.Debug|x86.Build.0 = Debug|Any CPU
		{B1C0DABC-1111-4222-9333-AAAAAAAAAAA4}.Publish|Any CPU.ActiveCfg = Release|x64
		{B1C0DABC-1111-4222-9333-AAAAAAAAAAA4}.Publish|Any CPU.Build.0 = Release|x64
		{B1C0DABC-1111-4222-9333-AAAAAAAAAAA4}.Publish|x64.ActiveCfg = Release|x64
		{B1C0DABC-1111-4222-9333-AAAAAAAAAAA4}.Publish|x64.Build.0 = Release|x64
		{B1C0DABC-1111-4222-9333-AAAAAAAAAAA4}.Publish|x86.ActiveCfg = Publish|Any CPU
		{B1C0DABC-1111-4222-9333-AAAAAAAAAAA4}.Publish|x86.Build.0 = Publish|Any CPU
		{B1C0DABC-1111-4222-9333-AAAAAAAAAAA4}.Release|Any CPU.ActiveCfg = Release|Any CPU
		{B1C0DABC-1111-4222-9333-AAAAAAAAAAA4}.Release|Any CPU.Build.0 = Release|Any CPU
		{B1C0DABC-1111-4222-9333-AAAAAAAAAAA4}.Release|x64.ActiveCfg = Release|x64
		{B1C0DABC-1111-4222-9333-AAAAAAAAAAA4}.Release|x64.Build.0 = Release|x64
		{B1C0DABC-1111-4222-9333-AAAAAAAAAAA4}.Release|x86.ActiveCfg = Release|Any CPU
		{B1C0DABC-1111-4222-9333-AAAAAAAAAAA4}.Release|x86.Build.0 = Release|Any CPU
		{B1C0DABC-1111-4222-9333-AAAAAAAAAAA5}.Debug|Any CPU.ActiveCfg = Debug|Any CPU
		{B1C0DABC-1111-4222-9333-AAAAAAAAAAA5}.Debug|Any CPU.Build.0 = Debug|Any CPU
		{B1C0DABC-1111-4222-9333-AAAAAAAAAAA5}.Debug|x64.ActiveCfg = Debug|x64
		{B1C0DABC-1111-4222-9333-AAAAAAAAAAA5}.Debug|x64.Build.0 = Debug|x64
		{B1C0DABC-1111-4222-9333-AAAAAAAAAAA5}.Debug|x86.ActiveCfg = Debug|Any CPU
		{B1C0DABC-1111-4222-9333-AAAAAAAAAAA5}.Debug|x86.Build.0 = Debug|Any CPU
		{B1C0DABC-1111-4222-9333-AAAAAAAAAAA5}.Publish|Any CPU.ActiveCfg = Release|x64
		{B1C0DABC-1111-4222-9333-AAAAAAAAAAA5}.Publish|Any CPU.Build.0 = Release|x64
		{B1C0DABC-1111-4222-9333-AAAAAAAAAAA5}.Publish|x64.ActiveCfg = Release|x64
		{B1C0DABC-1111-4222-9333-AAAAAAAAAAA5}.Publish|x64.Build.0 = Release|x64
		{B1C0DABC-1111-4222-9333-AAAAAAAAAAA5}.Publish|x86.ActiveCfg = Publish|Any CPU
		{B1C0DABC-1111-4222-9333-AAAAAAAAAAA5}.Publish|x86.Build.0 = Publish|Any CPU
		{B1C0DABC-1111-4222-9333-AAAAAAAAAAA5}.Release|Any CPU.ActiveCfg = Release|Any CPU
		{B1C0DABC-1111-4222-9333-AAAAAAAAAAA5}.Release|Any CPU.Build.0 = Release|Any CPU
		{B1C0DABC-1111-4222-9333-AAAAAAAAAAA5}.Release|x64.ActiveCfg = Release|x64
		{B1C0DABC-1111-4222-9333-AAAAAAAAAAA5}.Release|x64.Build.0 = Release|x64
		{B1C0DABC-1111-4222-9333-AAAAAAAAAAA5}.Release|x86.ActiveCfg = Release|Any CPU
		{B1C0DABC-1111-4222-9333-AAAAAAAAAAA5}.Release|x86.Build.0 = Release|Any CPU
		{B1C0DABC-1111-4222-9333-AAAAAAAAAAA6}.Debug|Any CPU.ActiveCfg = Debug|Any CPU
		{B1C0DABC-1111-4222-9333-AAAAAAAAAAA6}.Debug|Any CPU.Build.0 = Debug|Any CPU
		{B1C0DABC-1111-4222-9333-AAAAAAAAAAA6}.Debug|x64.ActiveCfg = Debug|x64
		{B1C0DABC-1111-4222-9333-AAAAAAAAAAA6}.Debug|x64.Build.0 = Debug|x64
		{B1C0DABC-1111-4222-9333-AAAAAAAAAAA6}.Debug|x86.ActiveCfg = Debug|Any CPU
		{B1C0DABC-1111-4222-9333-AAAAAAAAAAA6}.Debug|x86.Build.0 = Debug|Any CPU
		{B1C0DABC-1111-4222-9333-AAAAAAAAAAA6}.Publish|Any CPU.ActiveCfg = Release|x64
		{B1C0DABC-1111-4222-9333-AAAAAAAAAAA6}.Publish|Any CPU.Build.0 = Release|x64
		{B1C0DABC-1111-4222-9333-AAAAAAAAAAA6}.Publish|x64.ActiveCfg = Release|x64
		{B1C0DABC-1111-4222-9333-AAAAAAAAAAA6}.Publish|x64.Build.0 = Release|x64
		{B1C0DABC-1111-4222-9333-AAAAAAAAAAA6}.Publish|x86.ActiveCfg = Publish|Any CPU
		{B1C0DABC-1111-4222-9333-AAAAAAAAAAA6}.Publish|x86.Build.0 = Publish|Any CPU
		{B1C0DABC-1111-4222-9333-AAAAAAAAAAA6}.Release|Any CPU.ActiveCfg = Release|Any CPU
		{B1C0DABC-1111-4222-9333-AAAAAAAAAAA6}.Release|Any CPU.Build.0 = Release|Any CPU
		{B1C0DABC-1111-4222-9333-AAAAAAAAAAA6}.Release|x64.ActiveCfg = Release|x64
		{B1C0DABC-1111-4222-9333-AAAAAAAAAAA6}.Release|x64.Build.0 = Release|x64
		{B1C0DABC-1111-4222-9333-AAAAAAAAAAA6}.Release|x86.ActiveCfg = Release|Any CPU
		{B1C0DABC-1111-4222-9333-AAAAAAAAAAA6}.Release|x86.Build.0 = Release|Any CPU
		{B1C0DABC-1111-4222-9333-AAAAAAAAAAA7}.Debug|Any CPU.ActiveCfg = Debug|Any CPU
		{B1C0DABC-1111-4222-9333-AAAAAAAAAAA7}.Debug|Any CPU.Build.0 = Debug|Any CPU
		{B1C0DABC-1111-4222-9333-AAAAAAAAAAA7}.Debug|x64.ActiveCfg = Debug|x64
		{B1C0DABC-1111-4222-9333-AAAAAAAAAAA7}.Debug|x64.Build.0 = Debug|x64
		{B1C0DABC-1111-4222-9333-AAAAAAAAAAA7}.Debug|x86.ActiveCfg = Debug|Any CPU
		{B1C0DABC-1111-4222-9333-AAAAAAAAAAA7}.Debug|x86.Build.0 = Debug|Any CPU
		{B1C0DABC-1111-4222-9333-AAAAAAAAAAA7}.Publish|Any CPU.ActiveCfg = Release|x64
		{B1C0DABC-1111-4222-9333-AAAAAAAAAAA7}.Publish|Any CPU.Build.0 = Release|x64
		{B1C0DABC-1111-4222-9333-AAAAAAAAAAA7}.Publish|x64.ActiveCfg = Release|x64
		{B1C0DABC-1111-4222-9333-AAAAAAAAAAA7}.Publish|x64.Build.0 = Release|x64
		{B1C0DABC-1111-4222-9333-AAAAAAAAAAA7}.Publish|x86.ActiveCfg = Publish|Any CPU
		{B1C0DABC-1111-4222-9333-AAAAAAAAAAA7}.Publish|x86.Build.0 = Publish|Any CPU
		{B1C0DABC-1111-4222-9333-AAAAAAAAAAA7}.Release|Any CPU.ActiveCfg = Release|Any CPU
		{B1C0DABC-1111-4222-9333-AAAAAAAAAAA7}.Release|Any CPU.Build.0 = Release|Any CPU
		{B1C0DABC-1111-4222-9333-AAAAAAAAAAA7}.Release|x64.ActiveCfg = Release|x64
		{B1C0DABC-1111-4222-9333-AAAAAAAAAAA7}.Release|x64.Build.0 = Release|x64
		{B1C0DABC-1111-4222-9333-AAAAAAAAAAA7}.Release|x86.ActiveCfg = Release|Any CPU
		{B1C0DABC-1111-4222-9333-AAAAAAAAAAA7}.Release|x86.Build.0 = Release|Any CPU
		{B1C0DABC-1111-4222-9333-AAAAAAAAAAA8}.Debug|Any CPU.ActiveCfg = Debug|Any CPU
		{B1C0DABC-1111-4222-9333-AAAAAAAAAAA8}.Debug|Any CPU.Build.0 = Debug|Any CPU
		{B1C0DABC-1111-4222-9333-AAAAAAAAAAA8}.Debug|x64.ActiveCfg = Debug|x64
		{B1C0DABC-1111-4222-9333-AAAAAAAAAAA8}.Debug|x64.Build.0 = Debug|x64
		{B1C0DABC-1111-4222-9333-AAAAAAAAAAA8}.Debug|x86.ActiveCfg = Debug|Any CPU
		{B1C0DABC-1111-4222-9333-AAAAAAAAAAA8}.Debug|x86.Build.0 = Debug|Any CPU
		{B1C0DABC-1111-4222-9333-AAAAAAAAAAA8}.Publish|Any CPU.ActiveCfg = Release|x64
		{B1C0DABC-1111-4222-9333-AAAAAAAAAAA8}.Publish|Any CPU.Build.0 = Release|x64
		{B1C0DABC-1111-4222-9333-AAAAAAAAAAA8}.Publish|x64.ActiveCfg = Debug|x64
		{B1C0DABC-1111-4222-9333-AAAAAAAAAAA8}.Publish|x86.ActiveCfg = Publish|Any CPU
		{B1C0DABC-1111-4222-9333-AAAAAAAAAAA8}.Publish|x86.Build.0 = Publish|Any CPU
		{B1C0DABC-1111-4222-9333-AAAAAAAAAAA8}.Release|Any CPU.ActiveCfg = Release|Any CPU
		{B1C0DABC-1111-4222-9333-AAAAAAAAAAA8}.Release|Any CPU.Build.0 = Release|Any CPU
		{B1C0DABC-1111-4222-9333-AAAAAAAAAAA8}.Release|x64.ActiveCfg = Release|x64
		{B1C0DABC-1111-4222-9333-AAAAAAAAAAA8}.Release|x64.Build.0 = Release|x64
		{B1C0DABC-1111-4222-9333-AAAAAAAAAAA8}.Release|x86.ActiveCfg = Release|Any CPU
		{B1C0DABC-1111-4222-9333-AAAAAAAAAAA8}.Release|x86.Build.0 = Release|Any CPU
		{B1C0DABC-1111-4222-9333-AAAAAAAAAAA9}.Debug|Any CPU.ActiveCfg = Debug|Any CPU
		{B1C0DABC-1111-4222-9333-AAAAAAAAAAA9}.Debug|Any CPU.Build.0 = Debug|Any CPU
		{B1C0DABC-1111-4222-9333-AAAAAAAAAAA9}.Debug|x64.ActiveCfg = Debug|x64
		{B1C0DABC-1111-4222-9333-AAAAAAAAAAA9}.Debug|x64.Build.0 = Debug|x64
		{B1C0DABC-1111-4222-9333-AAAAAAAAAAA9}.Debug|x86.ActiveCfg = Debug|Any CPU
		{B1C0DABC-1111-4222-9333-AAAAAAAAAAA9}.Debug|x86.Build.0 = Debug|Any CPU
		{B1C0DABC-1111-4222-9333-AAAAAAAAAAA9}.Publish|Any CPU.ActiveCfg = Release|x64
		{B1C0DABC-1111-4222-9333-AAAAAAAAAAA9}.Publish|Any CPU.Build.0 = Release|x64
		{B1C0DABC-1111-4222-9333-AAAAAAAAAAA9}.Publish|x64.ActiveCfg = Release|x64
		{B1C0DABC-1111-4222-9333-AAAAAAAAAAA9}.Publish|x64.Build.0 = Release|x64
		{B1C0DABC-1111-4222-9333-AAAAAAAAAAA9}.Publish|x86.ActiveCfg = Publish|Any CPU
		{B1C0DABC-1111-4222-9333-AAAAAAAAAAA9}.Publish|x86.Build.0 = Publish|Any CPU
		{B1C0DABC-1111-4222-9333-AAAAAAAAAAA9}.Release|Any CPU.ActiveCfg = Release|Any CPU
		{B1C0DABC-1111-4222-9333-AAAAAAAAAAA9}.Release|Any CPU.Build.0 = Release|Any CPU
		{B1C0DABC-1111-4222-9333-AAAAAAAAAAA9}.Release|x64.ActiveCfg = Release|x64
		{B1C0DABC-1111-4222-9333-AAAAAAAAAAA9}.Release|x64.Build.0 = Release|x64
		{B1C0DABC-1111-4222-9333-AAAAAAAAAAA9}.Release|x86.ActiveCfg = Release|Any CPU
		{B1C0DABC-1111-4222-9333-AAAAAAAAAAA9}.Release|x86.Build.0 = Release|Any CPU
		{B1C0DABC-1111-4222-9333-AAAAAAAAAAAA}.Debug|Any CPU.ActiveCfg = Debug|Any CPU
		{B1C0DABC-1111-4222-9333-AAAAAAAAAAAA}.Debug|Any CPU.Build.0 = Debug|Any CPU
		{B1C0DABC-1111-4222-9333-AAAAAAAAAAAA}.Debug|x64.ActiveCfg = Debug|x64
		{B1C0DABC-1111-4222-9333-AAAAAAAAAAAA}.Debug|x64.Build.0 = Debug|x64
		{B1C0DABC-1111-4222-9333-AAAAAAAAAAAA}.Debug|x86.ActiveCfg = Debug|Any CPU
		{B1C0DABC-1111-4222-9333-AAAAAAAAAAAA}.Debug|x86.Build.0 = Debug|Any CPU
		{B1C0DABC-1111-4222-9333-AAAAAAAAAAAA}.Publish|Any CPU.ActiveCfg = Release|x64
		{B1C0DABC-1111-4222-9333-AAAAAAAAAAAA}.Publish|Any CPU.Build.0 = Release|x64
		{B1C0DABC-1111-4222-9333-AAAAAAAAAAAA}.Publish|x64.ActiveCfg = Release|x64
		{B1C0DABC-1111-4222-9333-AAAAAAAAAAAA}.Publish|x64.Build.0 = Release|x64
		{B1C0DABC-1111-4222-9333-AAAAAAAAAAAA}.Publish|x86.ActiveCfg = Publish|Any CPU
		{B1C0DABC-1111-4222-9333-AAAAAAAAAAAA}.Publish|x86.Build.0 = Publish|Any CPU
		{B1C0DABC-1111-4222-9333-AAAAAAAAAAAA}.Release|Any CPU.ActiveCfg = Release|Any CPU
		{B1C0DABC-1111-4222-9333-AAAAAAAAAAAA}.Release|Any CPU.Build.0 = Release|Any CPU
		{B1C0DABC-1111-4222-9333-AAAAAAAAAAAA}.Release|x64.ActiveCfg = Release|x64
		{B1C0DABC-1111-4222-9333-AAAAAAAAAAAA}.Release|x64.Build.0 = Release|x64
		{B1C0DABC-1111-4222-9333-AAAAAAAAAAAA}.Release|x86.ActiveCfg = Release|Any CPU
		{B1C0DABC-1111-4222-9333-AAAAAAAAAAAA}.Release|x86.Build.0 = Release|Any CPU
		{B1C0DABC-1111-4222-9333-AAAAAAAAAAAB}.Debug|Any CPU.ActiveCfg = Debug|Any CPU
		{B1C0DABC-1111-4222-9333-AAAAAAAAAAAB}.Debug|Any CPU.Build.0 = Debug|Any CPU
		{B1C0DABC-1111-4222-9333-AAAAAAAAAAAB}.Debug|x64.ActiveCfg = Debug|x64
		{B1C0DABC-1111-4222-9333-AAAAAAAAAAAB}.Debug|x64.Build.0 = Debug|x64
		{B1C0DABC-1111-4222-9333-AAAAAAAAAAAB}.Debug|x86.ActiveCfg = Debug|Any CPU
		{B1C0DABC-1111-4222-9333-AAAAAAAAAAAB}.Debug|x86.Build.0 = Debug|Any CPU
		{B1C0DABC-1111-4222-9333-AAAAAAAAAAAB}.Publish|Any CPU.ActiveCfg = Release|x64
		{B1C0DABC-1111-4222-9333-AAAAAAAAAAAB}.Publish|Any CPU.Build.0 = Release|x64
		{B1C0DABC-1111-4222-9333-AAAAAAAAAAAB}.Publish|x64.ActiveCfg = Release|x64
		{B1C0DABC-1111-4222-9333-AAAAAAAAAAAB}.Publish|x64.Build.0 = Release|x64
		{B1C0DABC-1111-4222-9333-AAAAAAAAAAAB}.Publish|x86.ActiveCfg = Publish|Any CPU
		{B1C0DABC-1111-4222-9333-AAAAAAAAAAAB}.Publish|x86.Build.0 = Publish|Any CPU
		{B1C0DABC-1111-4222-9333-AAAAAAAAAAAB}.Release|Any CPU.ActiveCfg = Release|Any CPU
		{B1C0DABC-1111-4222-9333-AAAAAAAAAAAB}.Release|Any CPU.Build.0 = Release|Any CPU
		{B1C0DABC-1111-4222-9333-AAAAAAAAAAAB}.Release|x64.ActiveCfg = Release|x64
		{B1C0DABC-1111-4222-9333-AAAAAAAAAAAB}.Release|x64.Build.0 = Release|x64
		{B1C0DABC-1111-4222-9333-AAAAAAAAAAAB}.Release|x86.ActiveCfg = Release|Any CPU
		{B1C0DABC-1111-4222-9333-AAAAAAAAAAAB}.Release|x86.Build.0 = Release|Any CPU
		{B1C0DABC-1111-4222-9333-AAAAAAAAAAAC}.Debug|Any CPU.ActiveCfg = Debug|Any CPU
		{B1C0DABC-1111-4222-9333-AAAAAAAAAAAC}.Debug|Any CPU.Build.0 = Debug|Any CPU
		{B1C0DABC-1111-4222-9333-AAAAAAAAAAAC}.Debug|x64.ActiveCfg = Debug|x64
		{B1C0DABC-1111-4222-9333-AAAAAAAAAAAC}.Debug|x64.Build.0 = Debug|x64
		{B1C0DABC-1111-4222-9333-AAAAAAAAAAAC}.Debug|x86.ActiveCfg = Debug|Any CPU
		{B1C0DABC-1111-4222-9333-AAAAAAAAAAAC}.Debug|x86.Build.0 = Debug|Any CPU
		{B1C0DABC-1111-4222-9333-AAAAAAAAAAAC}.Publish|Any CPU.ActiveCfg = Release|x64
		{B1C0DABC-1111-4222-9333-AAAAAAAAAAAC}.Publish|Any CPU.Build.0 = Release|x64
		{B1C0DABC-1111-4222-9333-AAAAAAAAAAAC}.Publish|x64.ActiveCfg = Release|x64
		{B1C0DABC-1111-4222-9333-AAAAAAAAAAAC}.Publish|x64.Build.0 = Release|x64
		{B1C0DABC-1111-4222-9333-AAAAAAAAAAAC}.Publish|x86.ActiveCfg = Publish|Any CPU
		{B1C0DABC-1111-4222-9333-AAAAAAAAAAAC}.Publish|x86.Build.0 = Publish|Any CPU
		{B1C0DABC-1111-4222-9333-AAAAAAAAAAAC}.Release|Any CPU.ActiveCfg = Release|Any CPU
		{B1C0DABC-1111-4222-9333-AAAAAAAAAAAC}.Release|Any CPU.Build.0 = Release|Any CPU
		{B1C0DABC-1111-4222-9333-AAAAAAAAAAAC}.Release|x64.ActiveCfg = Release|x64
		{B1C0DABC-1111-4222-9333-AAAAAAAAAAAC}.Release|x64.Build.0 = Release|x64
		{B1C0DABC-1111-4222-9333-AAAAAAAAAAAC}.Release|x86.ActiveCfg = Release|Any CPU
		{B1C0DABC-1111-4222-9333-AAAAAAAAAAAC}.Release|x86.Build.0 = Release|Any CPU
		{B1C0DABC-1111-4222-9333-AAAAAAAAAAAD}.Debug|Any CPU.ActiveCfg = Debug|Any CPU
		{B1C0DABC-1111-4222-9333-AAAAAAAAAAAD}.Debug|Any CPU.Build.0 = Debug|Any CPU
		{B1C0DABC-1111-4222-9333-AAAAAAAAAAAD}.Debug|x64.ActiveCfg = Debug|x64
		{B1C0DABC-1111-4222-9333-AAAAAAAAAAAD}.Debug|x64.Build.0 = Debug|x64
		{B1C0DABC-1111-4222-9333-AAAAAAAAAAAD}.Debug|x86.ActiveCfg = Debug|Any CPU
		{B1C0DABC-1111-4222-9333-AAAAAAAAAAAD}.Debug|x86.Build.0 = Debug|Any CPU
		{B1C0DABC-1111-4222-9333-AAAAAAAAAAAD}.Publish|Any CPU.ActiveCfg = Release|x64
		{B1C0DABC-1111-4222-9333-AAAAAAAAAAAD}.Publish|Any CPU.Build.0 = Release|x64
		{B1C0DABC-1111-4222-9333-AAAAAAAAAAAD}.Publish|x64.ActiveCfg = Release|x64
		{B1C0DABC-1111-4222-9333-AAAAAAAAAAAD}.Publish|x64.Build.0 = Release|x64
		{B1C0DABC-1111-4222-9333-AAAAAAAAAAAD}.Publish|x86.ActiveCfg = Publish|Any CPU
		{B1C0DABC-1111-4222-9333-AAAAAAAAAAAD}.Publish|x86.Build.0 = Publish|Any CPU
		{B1C0DABC-1111-4222-9333-AAAAAAAAAAAD}.Release|Any CPU.ActiveCfg = Release|Any CPU
		{B1C0DABC-1111-4222-9333-AAAAAAAAAAAD}.Release|Any CPU.Build.0 = Release|Any CPU
		{B1C0DABC-1111-4222-9333-AAAAAAAAAAAD}.Release|x64.ActiveCfg = Release|x64
		{B1C0DABC-1111-4222-9333-AAAAAAAAAAAD}.Release|x64.Build.0 = Release|x64
		{B1C0DABC-1111-4222-9333-AAAAAAAAAAAD}.Release|x86.ActiveCfg = Release|Any CPU
		{B1C0DABC-1111-4222-9333-AAAAAAAAAAAD}.Release|x86.Build.0 = Release|Any CPU
		{B1C0DABC-1111-4222-9333-AAAAAAAAAAAE}.Debug|Any CPU.ActiveCfg = Debug|Any CPU
		{B1C0DABC-1111-4222-9333-AAAAAAAAAAAE}.Debug|Any CPU.Build.0 = Debug|Any CPU
		{B1C0DABC-1111-4222-9333-AAAAAAAAAAAE}.Debug|x64.ActiveCfg = Debug|x64
		{B1C0DABC-1111-4222-9333-AAAAAAAAAAAE}.Debug|x64.Build.0 = Debug|x64
		{B1C0DABC-1111-4222-9333-AAAAAAAAAAAE}.Debug|x86.ActiveCfg = Debug|Any CPU
		{B1C0DABC-1111-4222-9333-AAAAAAAAAAAE}.Debug|x86.Build.0 = Debug|Any CPU
		{B1C0DABC-1111-4222-9333-AAAAAAAAAAAE}.Publish|Any CPU.ActiveCfg = Release|x64
		{B1C0DABC-1111-4222-9333-AAAAAAAAAAAE}.Publish|Any CPU.Build.0 = Release|x64
		{B1C0DABC-1111-4222-9333-AAAAAAAAAAAE}.Publish|x64.ActiveCfg = Release|x64
		{B1C0DABC-1111-4222-9333-AAAAAAAAAAAE}.Publish|x64.Build.0 = Release|x64
		{B1C0DABC-1111-4222-9333-AAAAAAAAAAAE}.Publish|x86.ActiveCfg = Publish|Any CPU
		{B1C0DABC-1111-4222-9333-AAAAAAAAAAAE}.Publish|x86.Build.0 = Publish|Any CPU
		{B1C0DABC-1111-4222-9333-AAAAAAAAAAAE}.Release|Any CPU.ActiveCfg = Release|Any CPU
		{B1C0DABC-1111-4222-9333-AAAAAAAAAAAE}.Release|Any CPU.Build.0 = Release|Any CPU
		{B1C0DABC-1111-4222-9333-AAAAAAAAAAAE}.Release|x64.ActiveCfg = Release|x64
		{B1C0DABC-1111-4222-9333-AAAAAAAAAAAE}.Release|x64.Build.0 = Release|x64
		{B1C0DABC-1111-4222-9333-AAAAAAAAAAAE}.Release|x86.ActiveCfg = Release|Any CPU
		{B1C0DABC-1111-4222-9333-AAAAAAAAAAAE}.Release|x86.Build.0 = Release|Any CPU
		{B1C0DABC-1111-4222-9333-AAAAAAAAAAAF}.Debug|Any CPU.ActiveCfg = Debug|Any CPU
		{B1C0DABC-1111-4222-9333-AAAAAAAAAAAF}.Debug|Any CPU.Build.0 = Debug|Any CPU
		{B1C0DABC-1111-4222-9333-AAAAAAAAAAAF}.Debug|x64.ActiveCfg = Debug|x64
		{B1C0DABC-1111-4222-9333-AAAAAAAAAAAF}.Debug|x64.Build.0 = Debug|x64
		{B1C0DABC-1111-4222-9333-AAAAAAAAAAAF}.Debug|x86.ActiveCfg = Debug|Any CPU
		{B1C0DABC-1111-4222-9333-AAAAAAAAAAAF}.Debug|x86.Build.0 = Debug|Any CPU
		{B1C0DABC-1111-4222-9333-AAAAAAAAAAAF}.Publish|Any CPU.ActiveCfg = Release|x64
		{B1C0DABC-1111-4222-9333-AAAAAAAAAAAF}.Publish|Any CPU.Build.0 = Release|x64
		{B1C0DABC-1111-4222-9333-AAAAAAAAAAAF}.Publish|x64.ActiveCfg = Release|x64
		{B1C0DABC-1111-4222-9333-AAAAAAAAAAAF}.Publish|x64.Build.0 = Release|x64
		{B1C0DABC-1111-4222-9333-AAAAAAAAAAAF}.Publish|x86.ActiveCfg = Publish|Any CPU
		{B1C0DABC-1111-4222-9333-AAAAAAAAAAAF}.Publish|x86.Build.0 = Publish|Any CPU
		{B1C0DABC-1111-4222-9333-AAAAAAAAAAAF}.Release|Any CPU.ActiveCfg = Release|Any CPU
		{B1C0DABC-1111-4222-9333-AAAAAAAAAAAF}.Release|Any CPU.Build.0 = Release|Any CPU
		{B1C0DABC-1111-4222-9333-AAAAAAAAAAAF}.Release|x64.ActiveCfg = Release|x64
		{B1C0DABC-1111-4222-9333-AAAAAAAAAAAF}.Release|x64.Build.0 = Release|x64
		{B1C0DABC-1111-4222-9333-AAAAAAAAAAAF}.Release|x86.ActiveCfg = Release|Any CPU
		{B1C0DABC-1111-4222-9333-AAAAAAAAAAAF}.Release|x86.Build.0 = Release|Any CPU
		{B1C0DABC-1111-4222-9333-BBBBBBBBBBB1}.Debug|Any CPU.ActiveCfg = Debug|Any CPU
		{B1C0DABC-1111-4222-9333-BBBBBBBBBBB1}.Debug|Any CPU.Build.0 = Debug|Any CPU
		{B1C0DABC-1111-4222-9333-BBBBBBBBBBB1}.Debug|x64.ActiveCfg = Debug|x64
		{B1C0DABC-1111-4222-9333-BBBBBBBBBBB1}.Debug|x64.Build.0 = Debug|x64
		{B1C0DABC-1111-4222-9333-BBBBBBBBBBB1}.Debug|x86.ActiveCfg = Debug|Any CPU
		{B1C0DABC-1111-4222-9333-BBBBBBBBBBB1}.Debug|x86.Build.0 = Debug|Any CPU
		{B1C0DABC-1111-4222-9333-BBBBBBBBBBB1}.Publish|Any CPU.ActiveCfg = Release|x64
		{B1C0DABC-1111-4222-9333-BBBBBBBBBBB1}.Publish|Any CPU.Build.0 = Release|x64
		{B1C0DABC-1111-4222-9333-BBBBBBBBBBB1}.Publish|x64.ActiveCfg = Release|x64
		{B1C0DABC-1111-4222-9333-BBBBBBBBBBB1}.Publish|x64.Build.0 = Release|x64
		{B1C0DABC-1111-4222-9333-BBBBBBBBBBB1}.Publish|x86.ActiveCfg = Publish|Any CPU
		{B1C0DABC-1111-4222-9333-BBBBBBBBBBB1}.Publish|x86.Build.0 = Publish|Any CPU
		{B1C0DABC-1111-4222-9333-BBBBBBBBBBB1}.Release|Any CPU.ActiveCfg = Release|Any CPU
		{B1C0DABC-1111-4222-9333-BBBBBBBBBBB1}.Release|Any CPU.Build.0 = Release|Any CPU
		{B1C0DABC-1111-4222-9333-BBBBBBBBBBB1}.Release|x64.ActiveCfg = Release|x64
		{B1C0DABC-1111-4222-9333-BBBBBBBBBBB1}.Release|x64.Build.0 = Release|x64
		{B1C0DABC-1111-4222-9333-BBBBBBBBBBB1}.Release|x86.ActiveCfg = Release|Any CPU
		{B1C0DABC-1111-4222-9333-BBBBBBBBBBB1}.Release|x86.Build.0 = Release|Any CPU
		{B1C0DABC-1111-4222-9333-BBBBBBBBBBB2}.Debug|Any CPU.ActiveCfg = Debug|Any CPU
		{B1C0DABC-1111-4222-9333-BBBBBBBBBBB2}.Debug|Any CPU.Build.0 = Debug|Any CPU
		{B1C0DABC-1111-4222-9333-BBBBBBBBBBB2}.Debug|x64.ActiveCfg = Debug|x64
		{B1C0DABC-1111-4222-9333-BBBBBBBBBBB2}.Debug|x64.Build.0 = Debug|x64
		{B1C0DABC-1111-4222-9333-BBBBBBBBBBB2}.Debug|x86.ActiveCfg = Debug|Any CPU
		{B1C0DABC-1111-4222-9333-BBBBBBBBBBB2}.Debug|x86.Build.0 = Debug|Any CPU
		{B1C0DABC-1111-4222-9333-BBBBBBBBBBB2}.Publish|Any CPU.ActiveCfg = Release|x64
		{B1C0DABC-1111-4222-9333-BBBBBBBBBBB2}.Publish|Any CPU.Build.0 = Release|x64
		{B1C0DABC-1111-4222-9333-BBBBBBBBBBB2}.Publish|x64.ActiveCfg = Release|x64
		{B1C0DABC-1111-4222-9333-BBBBBBBBBBB2}.Publish|x64.Build.0 = Release|x64
		{B1C0DABC-1111-4222-9333-BBBBBBBBBBB2}.Publish|x86.ActiveCfg = Publish|Any CPU
		{B1C0DABC-1111-4222-9333-BBBBBBBBBBB2}.Publish|x86.Build.0 = Publish|Any CPU
		{B1C0DABC-1111-4222-9333-BBBBBBBBBBB2}.Release|Any CPU.ActiveCfg = Release|Any CPU
		{B1C0DABC-1111-4222-9333-BBBBBBBBBBB2}.Release|Any CPU.Build.0 = Release|Any CPU
		{B1C0DABC-1111-4222-9333-BBBBBBBBBBB2}.Release|x64.ActiveCfg = Release|x64
		{B1C0DABC-1111-4222-9333-BBBBBBBBBBB2}.Release|x64.Build.0 = Release|x64
		{B1C0DABC-1111-4222-9333-BBBBBBBBBBB2}.Release|x86.ActiveCfg = Release|Any CPU
		{B1C0DABC-1111-4222-9333-BBBBBBBBBBB2}.Release|x86.Build.0 = Release|Any CPU
		{E046E02D-652F-40A8-AF8F-80447D2A2CA8}.Debug|Any CPU.ActiveCfg = Debug|Any CPU
		{E046E02D-652F-40A8-AF8F-80447D2A2CA8}.Debug|Any CPU.Build.0 = Debug|Any CPU
		{E046E02D-652F-40A8-AF8F-80447D2A2CA8}.Debug|x64.ActiveCfg = Debug|x64
		{E046E02D-652F-40A8-AF8F-80447D2A2CA8}.Debug|x64.Build.0 = Debug|x64
		{E046E02D-652F-40A8-AF8F-80447D2A2CA8}.Debug|x86.ActiveCfg = Debug|x64
		{E046E02D-652F-40A8-AF8F-80447D2A2CA8}.Debug|x86.Build.0 = Debug|x64
		{E046E02D-652F-40A8-AF8F-80447D2A2CA8}.Publish|Any CPU.ActiveCfg = Debug|x64
		{E046E02D-652F-40A8-AF8F-80447D2A2CA8}.Publish|Any CPU.Build.0 = Debug|x64
		{E046E02D-652F-40A8-AF8F-80447D2A2CA8}.Publish|x64.ActiveCfg = Debug|x64
		{E046E02D-652F-40A8-AF8F-80447D2A2CA8}.Publish|x64.Build.0 = Debug|x64
		{E046E02D-652F-40A8-AF8F-80447D2A2CA8}.Publish|x86.ActiveCfg = Debug|x64
		{E046E02D-652F-40A8-AF8F-80447D2A2CA8}.Publish|x86.Build.0 = Debug|x64
		{E046E02D-652F-40A8-AF8F-80447D2A2CA8}.Release|Any CPU.ActiveCfg = Release|Any CPU
		{E046E02D-652F-40A8-AF8F-80447D2A2CA8}.Release|Any CPU.Build.0 = Release|Any CPU
		{E046E02D-652F-40A8-AF8F-80447D2A2CA8}.Release|x64.ActiveCfg = Release|x64
		{E046E02D-652F-40A8-AF8F-80447D2A2CA8}.Release|x64.Build.0 = Release|x64
		{E046E02D-652F-40A8-AF8F-80447D2A2CA8}.Release|x86.ActiveCfg = Release|x64
		{E046E02D-652F-40A8-AF8F-80447D2A2CA8}.Release|x86.Build.0 = Release|x64
		{A26A6F39-D91B-46BA-AADF-558F9ADF33EB}.Debug|Any CPU.ActiveCfg = Debug|Any CPU
		{A26A6F39-D91B-46BA-AADF-558F9ADF33EB}.Debug|Any CPU.Build.0 = Debug|Any CPU
		{A26A6F39-D91B-46BA-AADF-558F9ADF33EB}.Debug|x64.ActiveCfg = Debug|Any CPU
		{A26A6F39-D91B-46BA-AADF-558F9ADF33EB}.Debug|x64.Build.0 = Debug|Any CPU
		{A26A6F39-D91B-46BA-AADF-558F9ADF33EB}.Debug|x86.ActiveCfg = Debug|Any CPU
		{A26A6F39-D91B-46BA-AADF-558F9ADF33EB}.Debug|x86.Build.0 = Debug|Any CPU
		{A26A6F39-D91B-46BA-AADF-558F9ADF33EB}.Publish|Any CPU.ActiveCfg = Debug|Any CPU
		{A26A6F39-D91B-46BA-AADF-558F9ADF33EB}.Publish|Any CPU.Build.0 = Debug|Any CPU
		{A26A6F39-D91B-46BA-AADF-558F9ADF33EB}.Publish|x64.ActiveCfg = Debug|Any CPU
		{A26A6F39-D91B-46BA-AADF-558F9ADF33EB}.Publish|x64.Build.0 = Debug|Any CPU
		{A26A6F39-D91B-46BA-AADF-558F9ADF33EB}.Publish|x86.ActiveCfg = Debug|Any CPU
		{A26A6F39-D91B-46BA-AADF-558F9ADF33EB}.Publish|x86.Build.0 = Debug|Any CPU
		{A26A6F39-D91B-46BA-AADF-558F9ADF33EB}.Release|Any CPU.ActiveCfg = Release|Any CPU
		{A26A6F39-D91B-46BA-AADF-558F9ADF33EB}.Release|Any CPU.Build.0 = Release|Any CPU
		{A26A6F39-D91B-46BA-AADF-558F9ADF33EB}.Release|x64.ActiveCfg = Release|Any CPU
		{A26A6F39-D91B-46BA-AADF-558F9ADF33EB}.Release|x64.Build.0 = Release|Any CPU
		{A26A6F39-D91B-46BA-AADF-558F9ADF33EB}.Release|x86.ActiveCfg = Release|Any CPU
		{A26A6F39-D91B-46BA-AADF-558F9ADF33EB}.Release|x86.Build.0 = Release|Any CPU
		{107A42D0-493D-4BA6-9B55-76C8FE52EEFC}.Debug|Any CPU.ActiveCfg = Debug|Any CPU
		{107A42D0-493D-4BA6-9B55-76C8FE52EEFC}.Debug|Any CPU.Build.0 = Debug|Any CPU
		{107A42D0-493D-4BA6-9B55-76C8FE52EEFC}.Debug|x64.ActiveCfg = Debug|Any CPU
		{107A42D0-493D-4BA6-9B55-76C8FE52EEFC}.Debug|x64.Build.0 = Debug|Any CPU
		{107A42D0-493D-4BA6-9B55-76C8FE52EEFC}.Debug|x86.ActiveCfg = Debug|Any CPU
		{107A42D0-493D-4BA6-9B55-76C8FE52EEFC}.Debug|x86.Build.0 = Debug|Any CPU
		{107A42D0-493D-4BA6-9B55-76C8FE52EEFC}.Publish|Any CPU.ActiveCfg = Debug|Any CPU
		{107A42D0-493D-4BA6-9B55-76C8FE52EEFC}.Publish|Any CPU.Build.0 = Debug|Any CPU
		{107A42D0-493D-4BA6-9B55-76C8FE52EEFC}.Publish|x64.ActiveCfg = Debug|Any CPU
		{107A42D0-493D-4BA6-9B55-76C8FE52EEFC}.Publish|x64.Build.0 = Debug|Any CPU
		{107A42D0-493D-4BA6-9B55-76C8FE52EEFC}.Publish|x86.ActiveCfg = Debug|Any CPU
		{107A42D0-493D-4BA6-9B55-76C8FE52EEFC}.Publish|x86.Build.0 = Debug|Any CPU
		{107A42D0-493D-4BA6-9B55-76C8FE52EEFC}.Release|Any CPU.ActiveCfg = Release|Any CPU
		{107A42D0-493D-4BA6-9B55-76C8FE52EEFC}.Release|Any CPU.Build.0 = Release|Any CPU
		{107A42D0-493D-4BA6-9B55-76C8FE52EEFC}.Release|x64.ActiveCfg = Release|Any CPU
		{107A42D0-493D-4BA6-9B55-76C8FE52EEFC}.Release|x64.Build.0 = Release|Any CPU
		{107A42D0-493D-4BA6-9B55-76C8FE52EEFC}.Release|x86.ActiveCfg = Release|Any CPU
		{107A42D0-493D-4BA6-9B55-76C8FE52EEFC}.Release|x86.Build.0 = Release|Any CPU
		{6F6C0856-FE15-4B8E-A6DE-EC68DF9744CA}.Debug|Any CPU.ActiveCfg = Debug|Any CPU
		{6F6C0856-FE15-4B8E-A6DE-EC68DF9744CA}.Debug|Any CPU.Build.0 = Debug|Any CPU
		{6F6C0856-FE15-4B8E-A6DE-EC68DF9744CA}.Debug|x64.ActiveCfg = Debug|Any CPU
		{6F6C0856-FE15-4B8E-A6DE-EC68DF9744CA}.Debug|x64.Build.0 = Debug|Any CPU
		{6F6C0856-FE15-4B8E-A6DE-EC68DF9744CA}.Debug|x86.ActiveCfg = Debug|Any CPU
		{6F6C0856-FE15-4B8E-A6DE-EC68DF9744CA}.Debug|x86.Build.0 = Debug|Any CPU
		{6F6C0856-FE15-4B8E-A6DE-EC68DF9744CA}.Publish|Any CPU.ActiveCfg = Debug|Any CPU
		{6F6C0856-FE15-4B8E-A6DE-EC68DF9744CA}.Publish|Any CPU.Build.0 = Debug|Any CPU
		{6F6C0856-FE15-4B8E-A6DE-EC68DF9744CA}.Publish|x64.ActiveCfg = Debug|Any CPU
		{6F6C0856-FE15-4B8E-A6DE-EC68DF9744CA}.Publish|x64.Build.0 = Debug|Any CPU
		{6F6C0856-FE15-4B8E-A6DE-EC68DF9744CA}.Publish|x86.ActiveCfg = Debug|Any CPU
		{6F6C0856-FE15-4B8E-A6DE-EC68DF9744CA}.Publish|x86.Build.0 = Debug|Any CPU
		{6F6C0856-FE15-4B8E-A6DE-EC68DF9744CA}.Release|Any CPU.ActiveCfg = Release|Any CPU
		{6F6C0856-FE15-4B8E-A6DE-EC68DF9744CA}.Release|Any CPU.Build.0 = Release|Any CPU
		{6F6C0856-FE15-4B8E-A6DE-EC68DF9744CA}.Release|x64.ActiveCfg = Release|Any CPU
		{6F6C0856-FE15-4B8E-A6DE-EC68DF9744CA}.Release|x64.Build.0 = Release|Any CPU
		{6F6C0856-FE15-4B8E-A6DE-EC68DF9744CA}.Release|x86.ActiveCfg = Release|Any CPU
		{6F6C0856-FE15-4B8E-A6DE-EC68DF9744CA}.Release|x86.Build.0 = Release|Any CPU
		{AEF2B6F1-E77E-455F-9280-D801FB212D10}.Debug|Any CPU.ActiveCfg = Debug|Any CPU
		{AEF2B6F1-E77E-455F-9280-D801FB212D10}.Debug|Any CPU.Build.0 = Debug|Any CPU
		{AEF2B6F1-E77E-455F-9280-D801FB212D10}.Debug|x64.ActiveCfg = Debug|x64
		{AEF2B6F1-E77E-455F-9280-D801FB212D10}.Debug|x64.Build.0 = Debug|x64
		{AEF2B6F1-E77E-455F-9280-D801FB212D10}.Debug|x86.ActiveCfg = Debug|Any CPU
		{AEF2B6F1-E77E-455F-9280-D801FB212D10}.Debug|x86.Build.0 = Debug|Any CPU
		{AEF2B6F1-E77E-455F-9280-D801FB212D10}.Publish|Any CPU.ActiveCfg = Debug|Any CPU
		{AEF2B6F1-E77E-455F-9280-D801FB212D10}.Publish|Any CPU.Build.0 = Debug|Any CPU
		{AEF2B6F1-E77E-455F-9280-D801FB212D10}.Publish|x64.ActiveCfg = Debug|x64
		{AEF2B6F1-E77E-455F-9280-D801FB212D10}.Publish|x64.Build.0 = Debug|x64
		{AEF2B6F1-E77E-455F-9280-D801FB212D10}.Publish|x86.ActiveCfg = Debug|Any CPU
		{AEF2B6F1-E77E-455F-9280-D801FB212D10}.Publish|x86.Build.0 = Debug|Any CPU
		{AEF2B6F1-E77E-455F-9280-D801FB212D10}.Release|Any CPU.ActiveCfg = Release|Any CPU
		{AEF2B6F1-E77E-455F-9280-D801FB212D10}.Release|Any CPU.Build.0 = Release|Any CPU
		{AEF2B6F1-E77E-455F-9280-D801FB212D10}.Release|x64.ActiveCfg = Release|x64
		{AEF2B6F1-E77E-455F-9280-D801FB212D10}.Release|x64.Build.0 = Release|x64
		{AEF2B6F1-E77E-455F-9280-D801FB212D10}.Release|x86.ActiveCfg = Release|Any CPU
		{AEF2B6F1-E77E-455F-9280-D801FB212D10}.Release|x86.Build.0 = Release|Any CPU
		{916A7CEE-92A2-4DA0-9D23-EC024FB69613}.Debug|Any CPU.ActiveCfg = Debug|Any CPU
		{916A7CEE-92A2-4DA0-9D23-EC024FB69613}.Debug|Any CPU.Build.0 = Debug|Any CPU
		{916A7CEE-92A2-4DA0-9D23-EC024FB69613}.Debug|x64.ActiveCfg = Debug|x64
		{916A7CEE-92A2-4DA0-9D23-EC024FB69613}.Debug|x64.Build.0 = Debug|x64
		{916A7CEE-92A2-4DA0-9D23-EC024FB69613}.Debug|x86.ActiveCfg = Debug|Any CPU
		{916A7CEE-92A2-4DA0-9D23-EC024FB69613}.Debug|x86.Build.0 = Debug|Any CPU
		{916A7CEE-92A2-4DA0-9D23-EC024FB69613}.Publish|Any CPU.ActiveCfg = Debug|Any CPU
		{916A7CEE-92A2-4DA0-9D23-EC024FB69613}.Publish|Any CPU.Build.0 = Debug|Any CPU
		{916A7CEE-92A2-4DA0-9D23-EC024FB69613}.Publish|x64.ActiveCfg = Debug|x64
		{916A7CEE-92A2-4DA0-9D23-EC024FB69613}.Publish|x64.Build.0 = Debug|x64
		{916A7CEE-92A2-4DA0-9D23-EC024FB69613}.Publish|x86.ActiveCfg = Debug|Any CPU
		{916A7CEE-92A2-4DA0-9D23-EC024FB69613}.Publish|x86.Build.0 = Debug|Any CPU
		{916A7CEE-92A2-4DA0-9D23-EC024FB69613}.Release|Any CPU.ActiveCfg = Release|Any CPU
		{916A7CEE-92A2-4DA0-9D23-EC024FB69613}.Release|Any CPU.Build.0 = Release|Any CPU
		{916A7CEE-92A2-4DA0-9D23-EC024FB69613}.Release|x64.ActiveCfg = Release|x64
		{916A7CEE-92A2-4DA0-9D23-EC024FB69613}.Release|x64.Build.0 = Release|x64
		{916A7CEE-92A2-4DA0-9D23-EC024FB69613}.Release|x86.ActiveCfg = Release|Any CPU
		{916A7CEE-92A2-4DA0-9D23-EC024FB69613}.Release|x86.Build.0 = Release|Any CPU
	EndGlobalSection
	GlobalSection(SolutionProperties) = preSolution
		HideSolutionNode = FALSE
	EndGlobalSection
	GlobalSection(NestedProjects) = preSolution
		{E046E02D-652F-40A8-AF8F-80447D2A2CA8} = {47D61095-3AEE-06DC-C5BB-349131862703}
		{AEF2B6F1-E77E-455F-9280-D801FB212D10} = {478897D4-3899-1410-DA32-8A6004435A47}
		{916A7CEE-92A2-4DA0-9D23-EC024FB69613} = {859444F8-A15F-45B0-AE9D-F4EAD2BC7428}
	EndGlobalSection
	GlobalSection(ExtensibilityGlobals) = postSolution
		SolutionGuid = {E00C8DB8-2069-43AC-886D-573DFD185AA0}
	EndGlobalSection
EndGlobal
